
Microsoft Visual Studio Solution File, Format Version 12.00
# Visual Studio Version 17
VisualStudioVersion = 17.4.33103.184
MinimumVisualStudioVersion = 10.0.40219.1
Project("{FAE04EC0-301F-11D3-BF4B-00C04F79EFBC}") = "APIGerenciadorTarefas", "APIDailyTasks\APIGerenciadorTarefas.csproj", "{5D1DD991-5037-40F0-9995-D484C0D803D0}"
EndProject
Global
	GlobalSection(SolutionConfigurationPlatforms) = preSolution
		Debug|Any CPU = Debug|Any CPU
		Release|Any CPU = Release|Any CPU
	EndGlobalSection
	GlobalSection(ProjectConfigurationPlatforms) = postSolution
		{5D1DD991-5037-40F0-9995-D484C0D803D0}.Debug|Any CPU.ActiveCfg = Debug|Any CPU
		{5D1DD991-5037-40F0-9995-D484C0D803D0}.Debug|Any CPU.Build.0 = Debug|Any CPU
		{5D1DD991-5037-40F0-9995-D484C0D803D0}.Release|Any CPU.ActiveCfg = Release|Any CPU
		{5D1DD991-5037-40F0-9995-D484C0D803D0}.Release|Any CPU.Build.0 = Release|Any CPU
	EndGlobalSection
	GlobalSection(SolutionProperties) = preSolution
		HideSolutionNode = FALSE
	EndGlobalSection
	GlobalSection(ExtensibilityGlobals) = postSolution
		SolutionGuid = {FBD6D5EE-D9EA-4AA9-BB42-0D9AB85145E7}
	EndGlobalSection
EndGlobal
